// !$*UTF8*$!
{
	archiveVersion = 1;
	classes = {
	};
	objectVersion = 46;
	objects = {

/* Begin PBXBuildFile section */
		06A088351904F89C000F8DE5 /* ZoomabeImageView.m in Sources */ = {isa = PBXBuildFile; fileRef = 06A088341904F89C000F8DE5 /* ZoomabeImageView.m */; };
		06A0883C1909F6E9000F8DE5 /* DetailViewController.m in Sources */ = {isa = PBXBuildFile; fileRef = 06A0883B1909F6E9000F8DE5 /* DetailViewController.m */; };
		06DBB80C18FF715500FDD708 /* Foundation.framework in Frameworks */ = {isa = PBXBuildFile; fileRef = 06DBB80B18FF715500FDD708 /* Foundation.framework */; };
		06DBB80E18FF715500FDD708 /* CoreGraphics.framework in Frameworks */ = {isa = PBXBuildFile; fileRef = 06DBB80D18FF715500FDD708 /* CoreGraphics.framework */; };
		06DBB81018FF715500FDD708 /* UIKit.framework in Frameworks */ = {isa = PBXBuildFile; fileRef = 06DBB80F18FF715500FDD708 /* UIKit.framework */; };
		06DBB81618FF715500FDD708 /* InfoPlist.strings in Resources */ = {isa = PBXBuildFile; fileRef = 06DBB81418FF715500FDD708 /* InfoPlist.strings */; };
		06DBB81818FF715500FDD708 /* main.m in Sources */ = {isa = PBXBuildFile; fileRef = 06DBB81718FF715500FDD708 /* main.m */; };
		06DBB81C18FF715500FDD708 /* AppDelegate.m in Sources */ = {isa = PBXBuildFile; fileRef = 06DBB81B18FF715500FDD708 /* AppDelegate.m */; };
		06DBB81F18FF715500FDD708 /* Main.storyboard in Resources */ = {isa = PBXBuildFile; fileRef = 06DBB81D18FF715500FDD708 /* Main.storyboard */; };
		06DBB82218FF715500FDD708 /* ViewController.m in Sources */ = {isa = PBXBuildFile; fileRef = 06DBB82118FF715500FDD708 /* ViewController.m */; };
		06DBB82418FF715500FDD708 /* Images.xcassets in Resources */ = {isa = PBXBuildFile; fileRef = 06DBB82318FF715500FDD708 /* Images.xcassets */; };
		06DBB82B18FF715500FDD708 /* XCTest.framework in Frameworks */ = {isa = PBXBuildFile; fileRef = 06DBB82A18FF715500FDD708 /* XCTest.framework */; };
		06DBB82C18FF715500FDD708 /* Foundation.framework in Frameworks */ = {isa = PBXBuildFile; fileRef = 06DBB80B18FF715500FDD708 /* Foundation.framework */; };
		06DBB82D18FF715500FDD708 /* UIKit.framework in Frameworks */ = {isa = PBXBuildFile; fileRef = 06DBB80F18FF715500FDD708 /* UIKit.framework */; };
		06DBB83518FF715500FDD708 /* InfoPlist.strings in Resources */ = {isa = PBXBuildFile; fileRef = 06DBB83318FF715500FDD708 /* InfoPlist.strings */; };
		06DBB83718FF715500FDD708 /* PhotoLibraryTests.m in Sources */ = {isa = PBXBuildFile; fileRef = 06DBB83618FF715500FDD708 /* PhotoLibraryTests.m */; };
		06DBB84218FF725A00FDD708 /* GroupsViewController.m in Sources */ = {isa = PBXBuildFile; fileRef = 06DBB84118FF725A00FDD708 /* GroupsViewController.m */; };
		06DBB84418FF741100FDD708 /* Social.framework in Frameworks */ = {isa = PBXBuildFile; fileRef = 06DBB84318FF741100FDD708 /* Social.framework */; };
		06DBB84618FF742C00FDD708 /* AssetsLibrary.framework in Frameworks */ = {isa = PBXBuildFile; fileRef = 06DBB84518FF742C00FDD708 /* AssetsLibrary.framework */; };
		06DBB84918FF7C7E00FDD708 /* PhotosViewController.m in Sources */ = {isa = PBXBuildFile; fileRef = 06DBB84818FF7C7E00FDD708 /* PhotosViewController.m */; };
/* End PBXBuildFile section */

/* Begin PBXContainerItemProxy section */
		06DBB82E18FF715500FDD708 /* PBXContainerItemProxy */ = {
			isa = PBXContainerItemProxy;
			containerPortal = 06DBB80018FF715500FDD708 /* Project object */;
			proxyType = 1;
			remoteGlobalIDString = 06DBB80718FF715500FDD708;
			remoteInfo = PhotoLibrary;
		};
/* End PBXContainerItemProxy section */

/* Begin PBXFileReference section */
		06A088331904F89C000F8DE5 /* ZoomabeImageView.h */ = {isa = PBXFileReference; fileEncoding = 4; lastKnownFileType = sourcecode.c.h; name = ZoomabeImageView.h; path = ../ZoomabeImageView.h; sourceTree = "<group>"; };
		06A088341904F89C000F8DE5 /* ZoomabeImageView.m */ = {isa = PBXFileReference; fileEncoding = 4; lastKnownFileType = sourcecode.c.objc; name = ZoomabeImageView.m; path = ../ZoomabeImageView.m; sourceTree = "<group>"; };
		06A0883A1909F6E9000F8DE5 /* DetailViewController.h */ = {isa = PBXFileReference; fileEncoding = 4; lastKnownFileType = sourcecode.c.h; path = DetailViewController.h; sourceTree = "<group>"; };
		06A0883B1909F6E9000F8DE5 /* DetailViewController.m */ = {isa = PBXFileReference; fileEncoding = 4; lastKnownFileType = sourcecode.c.objc; path = DetailViewController.m; sourceTree = "<group>"; };
		06DBB80818FF715500FDD708 /* PhotoLibrary.app */ = {isa = PBXFileReference; explicitFileType = wrapper.application; includeInIndex = 0; path = PhotoLibrary.app; sourceTree = BUILT_PRODUCTS_DIR; };
		06DBB80B18FF715500FDD708 /* Foundation.framework */ = {isa = PBXFileReference; lastKnownFileType = wrapper.framework; name = Foundation.framework; path = System/Library/Frameworks/Foundation.framework; sourceTree = SDKROOT; };
		06DBB80D18FF715500FDD708 /* CoreGraphics.framework */ = {isa = PBXFileReference; lastKnownFileType = wrapper.framework; name = CoreGraphics.framework; path = System/Library/Frameworks/CoreGraphics.framework; sourceTree = SDKROOT; };
		06DBB80F18FF715500FDD708 /* UIKit.framework */ = {isa = PBXFileReference; lastKnownFileType = wrapper.framework; name = UIKit.framework; path = System/Library/Frameworks/UIKit.framework; sourceTree = SDKROOT; };
		06DBB81318FF715500FDD708 /* PhotoLibrary-Info.plist */ = {isa = PBXFileReference; lastKnownFileType = text.plist.xml; path = "PhotoLibrary-Info.plist"; sourceTree = "<group>"; };
		06DBB81518FF715500FDD708 /* en */ = {isa = PBXFileReference; lastKnownFileType = text.plist.strings; name = en; path = en.lproj/InfoPlist.strings; sourceTree = "<group>"; };
		06DBB81718FF715500FDD708 /* main.m */ = {isa = PBXFileReference; lastKnownFileType = sourcecode.c.objc; path = main.m; sourceTree = "<group>"; };
		06DBB81918FF715500FDD708 /* PhotoLibrary-Prefix.pch */ = {isa = PBXFileReference; lastKnownFileType = sourcecode.c.h; path = "PhotoLibrary-Prefix.pch"; sourceTree = "<group>"; };
		06DBB81A18FF715500FDD708 /* AppDelegate.h */ = {isa = PBXFileReference; lastKnownFileType = sourcecode.c.h; path = AppDelegate.h; sourceTree = "<group>"; };
		06DBB81B18FF715500FDD708 /* AppDelegate.m */ = {isa = PBXFileReference; lastKnownFileType = sourcecode.c.objc; path = AppDelegate.m; sourceTree = "<group>"; };
		06DBB81E18FF715500FDD708 /* Base */ = {isa = PBXFileReference; lastKnownFileType = file.storyboard; name = Base; path = Base.lproj/Main.storyboard; sourceTree = "<group>"; };
		06DBB82018FF715500FDD708 /* ViewController.h */ = {isa = PBXFileReference; lastKnownFileType = sourcecode.c.h; path = ViewController.h; sourceTree = "<group>"; };
		06DBB82118FF715500FDD708 /* ViewController.m */ = {isa = PBXFileReference; lastKnownFileType = sourcecode.c.objc; path = ViewController.m; sourceTree = "<group>"; };
		06DBB82318FF715500FDD708 /* Images.xcassets */ = {isa = PBXFileReference; lastKnownFileType = folder.assetcatalog; path = Images.xcassets; sourceTree = "<group>"; };
		06DBB82918FF715500FDD708 /* PhotoLibraryTests.xctest */ = {isa = PBXFileReference; explicitFileType = wrapper.cfbundle; includeInIndex = 0; path = PhotoLibraryTests.xctest; sourceTree = BUILT_PRODUCTS_DIR; };
		06DBB82A18FF715500FDD708 /* XCTest.framework */ = {isa = PBXFileReference; lastKnownFileType = wrapper.framework; name = XCTest.framework; path = Library/Frameworks/XCTest.framework; sourceTree = DEVELOPER_DIR; };
		06DBB83218FF715500FDD708 /* PhotoLibraryTests-Info.plist */ = {isa = PBXFileReference; lastKnownFileType = text.plist.xml; path = "PhotoLibraryTests-Info.plist"; sourceTree = "<group>"; };
		06DBB83418FF715500FDD708 /* en */ = {isa = PBXFileReference; lastKnownFileType = text.plist.strings; name = en; path = en.lproj/InfoPlist.strings; sourceTree = "<group>"; };
		06DBB83618FF715500FDD708 /* PhotoLibraryTests.m */ = {isa = PBXFileReference; lastKnownFileType = sourcecode.c.objc; path = PhotoLibraryTests.m; sourceTree = "<group>"; };
		06DBB84018FF725A00FDD708 /* GroupsViewController.h */ = {isa = PBXFileReference; fileEncoding = 4; lastKnownFileType = sourcecode.c.h; name = GroupsViewController.h; path = ../GroupsViewController.h; sourceTree = "<group>"; };
		06DBB84118FF725A00FDD708 /* GroupsViewController.m */ = {isa = PBXFileReference; fileEncoding = 4; lastKnownFileType = sourcecode.c.objc; name = GroupsViewController.m; path = ../GroupsViewController.m; sourceTree = "<group>"; };
		06DBB84318FF741100FDD708 /* Social.framework */ = {isa = PBXFileReference; lastKnownFileType = wrapper.framework; name = Social.framework; path = System/Library/Frameworks/Social.framework; sourceTree = SDKROOT; };
		06DBB84518FF742C00FDD708 /* AssetsLibrary.framework */ = {isa = PBXFileReference; lastKnownFileType = wrapper.framework; name = AssetsLibrary.framework; path = System/Library/Frameworks/AssetsLibrary.framework; sourceTree = SDKROOT; };
		06DBB84718FF7C7E00FDD708 /* PhotosViewController.h */ = {isa = PBXFileReference; fileEncoding = 4; lastKnownFileType = sourcecode.c.h; path = PhotosViewController.h; sourceTree = "<group>"; };
		06DBB84818FF7C7E00FDD708 /* PhotosViewController.m */ = {isa = PBXFileReference; fileEncoding = 4; lastKnownFileType = sourcecode.c.objc; path = PhotosViewController.m; sourceTree = "<group>"; };
/* End PBXFileReference section */

/* Begin PBXFrameworksBuildPhase section */
		06DBB80518FF715500FDD708 /* Frameworks */ = {
			isa = PBXFrameworksBuildPhase;
			buildActionMask = 2147483647;
			files = (
				06DBB84618FF742C00FDD708 /* AssetsLibrary.framework in Frameworks */,
				06DBB84418FF741100FDD708 /* Social.framework in Frameworks */,
				06DBB80E18FF715500FDD708 /* CoreGraphics.framework in Frameworks */,
				06DBB81018FF715500FDD708 /* UIKit.framework in Frameworks */,
				06DBB80C18FF715500FDD708 /* Foundation.framework in Frameworks */,
			);
			runOnlyForDeploymentPostprocessing = 0;
		};
		06DBB82618FF715500FDD708 /* Frameworks */ = {
			isa = PBXFrameworksBuildPhase;
			buildActionMask = 2147483647;
			files = (
				06DBB82B18FF715500FDD708 /* XCTest.framework in Frameworks */,
				06DBB82D18FF715500FDD708 /* UIKit.framework in Frameworks */,
				06DBB82C18FF715500FDD708 /* Foundation.framework in Frameworks */,
			);
			runOnlyForDeploymentPostprocessing = 0;
		};
/* End PBXFrameworksBuildPhase section */

/* Begin PBXGroup section */
		06DBB7FF18FF715500FDD708 = {
			isa = PBXGroup;
			children = (
				06DBB81118FF715500FDD708 /* PhotoLibrary */,
				06DBB83018FF715500FDD708 /* PhotoLibraryTests */,
				06DBB80A18FF715500FDD708 /* Frameworks */,
				06DBB80918FF715500FDD708 /* Products */,
			);
			sourceTree = "<group>";
		};
		06DBB80918FF715500FDD708 /* Products */ = {
			isa = PBXGroup;
			children = (
				06DBB80818FF715500FDD708 /* PhotoLibrary.app */,
				06DBB82918FF715500FDD708 /* PhotoLibraryTests.xctest */,
			);
			name = Products;
			sourceTree = "<group>";
		};
		06DBB80A18FF715500FDD708 /* Frameworks */ = {
			isa = PBXGroup;
			children = (
				06DBB84518FF742C00FDD708 /* AssetsLibrary.framework */,
				06DBB84318FF741100FDD708 /* Social.framework */,
				06DBB80B18FF715500FDD708 /* Foundation.framework */,
				06DBB80D18FF715500FDD708 /* CoreGraphics.framework */,
				06DBB80F18FF715500FDD708 /* UIKit.framework */,
				06DBB82A18FF715500FDD708 /* XCTest.framework */,
			);
			name = Frameworks;
			sourceTree = "<group>";
		};
		06DBB81118FF715500FDD708 /* PhotoLibrary */ = {
			isa = PBXGroup;
			children = (
				06DBB81A18FF715500FDD708 /* AppDelegate.h */,
				06DBB81B18FF715500FDD708 /* AppDelegate.m */,
				06DBB81D18FF715500FDD708 /* Main.storyboard */,
				06DBB82018FF715500FDD708 /* ViewController.h */,
				06DBB82118FF715500FDD708 /* ViewController.m */,
				06DBB84018FF725A00FDD708 /* GroupsViewController.h */,
				06DBB84118FF725A00FDD708 /* GroupsViewController.m */,
				06DBB84718FF7C7E00FDD708 /* PhotosViewController.h */,
				06DBB84818FF7C7E00FDD708 /* PhotosViewController.m */,
				06A088331904F89C000F8DE5 /* ZoomabeImageView.h */,
				06A088341904F89C000F8DE5 /* ZoomabeImageView.m */,
				06A0883A1909F6E9000F8DE5 /* DetailViewController.h */,
				06A0883B1909F6E9000F8DE5 /* DetailViewController.m */,
				06DBB82318FF715500FDD708 /* Images.xcassets */,
				06DBB81218FF715500FDD708 /* Supporting Files */,
			);
			path = PhotoLibrary;
			sourceTree = "<group>";
		};
		06DBB81218FF715500FDD708 /* Supporting Files */ = {
			isa = PBXGroup;
			children = (
				06DBB81318FF715500FDD708 /* PhotoLibrary-Info.plist */,
				06DBB81418FF715500FDD708 /* InfoPlist.strings */,
				06DBB81718FF715500FDD708 /* main.m */,
				06DBB81918FF715500FDD708 /* PhotoLibrary-Prefix.pch */,
			);
			name = "Supporting Files";
			sourceTree = "<group>";
		};
		06DBB83018FF715500FDD708 /* PhotoLibraryTests */ = {
			isa = PBXGroup;
			children = (
				06DBB83618FF715500FDD708 /* PhotoLibraryTests.m */,
				06DBB83118FF715500FDD708 /* Supporting Files */,
			);
			path = PhotoLibraryTests;
			sourceTree = "<group>";
		};
		06DBB83118FF715500FDD708 /* Supporting Files */ = {
			isa = PBXGroup;
			children = (
				06DBB83218FF715500FDD708 /* PhotoLibraryTests-Info.plist */,
				06DBB83318FF715500FDD708 /* InfoPlist.strings */,
			);
			name = "Supporting Files";
			sourceTree = "<group>";
		};
/* End PBXGroup section */

/* Begin PBXNativeTarget section */
		06DBB80718FF715500FDD708 /* PhotoLibrary */ = {
			isa = PBXNativeTarget;
			buildConfigurationList = 06DBB83A18FF715500FDD708 /* Build configuration list for PBXNativeTarget "PhotoLibrary" */;
			buildPhases = (
				06DBB80418FF715500FDD708 /* Sources */,
				06DBB80518FF715500FDD708 /* Frameworks */,
				06DBB80618FF715500FDD708 /* Resources */,
			);
			buildRules = (
			);
			dependencies = (
			);
			name = PhotoLibrary;
			productName = PhotoLibrary;
			productReference = 06DBB80818FF715500FDD708 /* PhotoLibrary.app */;
			productType = "com.apple.product-type.application";
		};
		06DBB82818FF715500FDD708 /* PhotoLibraryTests */ = {
			isa = PBXNativeTarget;
			buildConfigurationList = 06DBB83D18FF715500FDD708 /* Build configuration list for PBXNativeTarget "PhotoLibraryTests" */;
			buildPhases = (
				06DBB82518FF715500FDD708 /* Sources */,
				06DBB82618FF715500FDD708 /* Frameworks */,
				06DBB82718FF715500FDD708 /* Resources */,
			);
			buildRules = (
			);
			dependencies = (
				06DBB82F18FF715500FDD708 /* PBXTargetDependency */,
			);
			name = PhotoLibraryTests;
			productName = PhotoLibraryTests;
			productReference = 06DBB82918FF715500FDD708 /* PhotoLibraryTests.xctest */;
			productType = "com.apple.product-type.bundle.unit-test";
		};
/* End PBXNativeTarget section */

/* Begin PBXProject section */
		06DBB80018FF715500FDD708 /* Project object */ = {
			isa = PBXProject;
			attributes = {
				LastUpgradeCheck = 0510;
				ORGANIZATIONNAME = "___FULLUSERNAME___";
				TargetAttributes = {
					06DBB82818FF715500FDD708 = {
						TestTargetID = 06DBB80718FF715500FDD708;
					};
				};
			};
			buildConfigurationList = 06DBB80318FF715500FDD708 /* Build configuration list for PBXProject "PhotoLibrary" */;
			compatibilityVersion = "Xcode 3.2";
			developmentRegion = English;
			hasScannedForEncodings = 0;
			knownRegions = (
				en,
				Base,
			);
			mainGroup = 06DBB7FF18FF715500FDD708;
			productRefGroup = 06DBB80918FF715500FDD708 /* Products */;
			projectDirPath = "";
			projectRoot = "";
			targets = (
				06DBB80718FF715500FDD708 /* PhotoLibrary */,
				06DBB82818FF715500FDD708 /* PhotoLibraryTests */,
			);
		};
/* End PBXProject section */

/* Begin PBXResourcesBuildPhase section */
		06DBB80618FF715500FDD708 /* Resources */ = {
			isa = PBXResourcesBuildPhase;
			buildActionMask = 2147483647;
			files = (
				06DBB82418FF715500FDD708 /* Images.xcassets in Resources */,
				06DBB81618FF715500FDD708 /* InfoPlist.strings in Resources */,
				06DBB81F18FF715500FDD708 /* Main.storyboard in Resources */,
			);
			runOnlyForDeploymentPostprocessing = 0;
		};
		06DBB82718FF715500FDD708 /* Resources */ = {
			isa = PBXResourcesBuildPhase;
			buildActionMask = 2147483647;
			files = (
				06DBB83518FF715500FDD708 /* InfoPlist.strings in Resources */,
			);
			runOnlyForDeploymentPostprocessing = 0;
		};
/* End PBXResourcesBuildPhase section */

/* Begin PBXSourcesBuildPhase section */
		06DBB80418FF715500FDD708 /* Sources */ = {
			isa = PBXSourcesBuildPhase;
			buildActionMask = 2147483647;
			files = (
				06A088351904F89C000F8DE5 /* ZoomabeImageView.m in Sources */,
				06DBB84218FF725A00FDD708 /* GroupsViewController.m in Sources */,
				06DBB82218FF715500FDD708 /* ViewController.m in Sources */,
				06DBB81C18FF715500FDD708 /* AppDelegate.m in Sources */,
				06DBB84918FF7C7E00FDD708 /* PhotosViewController.m in Sources */,
				06DBB81818FF715500FDD708 /* main.m in Sources */,
				06A0883C1909F6E9000F8DE5 /* DetailViewController.m in Sources */,
			);
			runOnlyForDeploymentPostprocessing = 0;
		};
		06DBB82518FF715500FDD708 /* Sources */ = {
			isa = PBXSourcesBuildPhase;
			buildActionMask = 2147483647;
			files = (
				06DBB83718FF715500FDD708 /* PhotoLibraryTests.m in Sources */,
			);
			runOnlyForDeploymentPostprocessing = 0;
		};
/* End PBXSourcesBuildPhase section */

/* Begin PBXTargetDependency section */
		06DBB82F18FF715500FDD708 /* PBXTargetDependency */ = {
			isa = PBXTargetDependency;
			target = 06DBB80718FF715500FDD708 /* PhotoLibrary */;
			targetProxy = 06DBB82E18FF715500FDD708 /* PBXContainerItemProxy */;
		};
/* End PBXTargetDependency section */

/* Begin PBXVariantGroup section */
		06DBB81418FF715500FDD708 /* InfoPlist.strings */ = {
			isa = PBXVariantGroup;
			children = (
				06DBB81518FF715500FDD708 /* en */,
			);
			name = InfoPlist.strings;
			sourceTree = "<group>";
		};
		06DBB81D18FF715500FDD708 /* Main.storyboard */ = {
			isa = PBXVariantGroup;
			children = (
				06DBB81E18FF715500FDD708 /* Base */,
			);
			name = Main.storyboard;
			sourceTree = "<group>";
		};
		06DBB83318FF715500FDD708 /* InfoPlist.strings */ = {
			isa = PBXVariantGroup;
			children = (
				06DBB83418FF715500FDD708 /* en */,
			);
			name = InfoPlist.strings;
			sourceTree = "<group>";
		};
/* End PBXVariantGroup section */

/* Begin XCBuildConfiguration section */
		06DBB83818FF715500FDD708 /* Debug */ = {
			isa = XCBuildConfiguration;
			buildSettings = {
				ALWAYS_SEARCH_USER_PATHS = NO;
				CLANG_CXX_LANGUAGE_STANDARD = "gnu++0x";
				CLANG_CXX_LIBRARY = "libc++";
				CLANG_ENABLE_MODULES = YES;
				CLANG_ENABLE_OBJC_ARC = YES;
				CLANG_WARN_BOOL_CONVERSION = YES;
				CLANG_WARN_CONSTANT_CONVERSION = YES;
				CLANG_WARN_DIRECT_OBJC_ISA_USAGE = YES_ERROR;
				CLANG_WARN_EMPTY_BODY = YES;
				CLANG_WARN_ENUM_CONVERSION = YES;
				CLANG_WARN_INT_CONVERSION = YES;
				CLANG_WARN_OBJC_ROOT_CLASS = YES_ERROR;
				CLANG_WARN__DUPLICATE_METHOD_MATCH = YES;
				"CODE_SIGN_IDENTITY[sdk=iphoneos*]" = "iPhone Developer";
				COPY_PHASE_STRIP = NO;
				GCC_C_LANGUAGE_STANDARD = gnu99;
				GCC_DYNAMIC_NO_PIC = NO;
				GCC_OPTIMIZATION_LEVEL = 0;
				GCC_PREPROCESSOR_DEFINITIONS = (
					"DEBUG=1",
					"$(inherited)",
				);
				GCC_SYMBOLS_PRIVATE_EXTERN = NO;
				GCC_WARN_64_TO_32_BIT_CONVERSION = YES;
				GCC_WARN_ABOUT_RETURN_TYPE = YES_ERROR;
				GCC_WARN_UNDECLARED_SELECTOR = YES;
				GCC_WARN_UNINITIALIZED_AUTOS = YES_AGGRESSIVE;
				GCC_WARN_UNUSED_FUNCTION = YES;
				GCC_WARN_UNUSED_VARIABLE = YES;
				IPHONEOS_DEPLOYMENT_TARGET = 7.1;
				ONLY_ACTIVE_ARCH = YES;
				SDKROOT = iphoneos;
			};
			name = Debug;
		};
		06DBB83918FF715500FDD708 /* Release */ = {
			isa = XCBuildConfiguration;
			buildSettings = {
				ALWAYS_SEARCH_USER_PATHS = NO;
				CLANG_CXX_LANGUAGE_STANDARD = "gnu++0x";
				CLANG_CXX_LIBRARY = "libc++";
				CLANG_ENABLE_MODULES = YES;
				CLANG_ENABLE_OBJC_ARC = YES;
				CLANG_WARN_BOOL_CONVERSION = YES;
				CLANG_WARN_CONSTANT_CONVERSION = YES;
				CLANG_WARN_DIRECT_OBJC_ISA_USAGE = YES_ERROR;
				CLANG_WARN_EMPTY_BODY = YES;
				CLANG_WARN_ENUM_CONVERSION = YES;
				CLANG_WARN_INT_CONVERSION = YES;
				CLANG_WARN_OBJC_ROOT_CLASS = YES_ERROR;
				CLANG_WARN__DUPLICATE_METHOD_MATCH = YES;
				"CODE_SIGN_IDENTITY[sdk=iphoneos*]" = "iPhone Developer";
				COPY_PHASE_STRIP = YES;
				ENABLE_NS_ASSERTIONS = NO;
				GCC_C_LANGUAGE_STANDARD = gnu99;
				GCC_WARN_64_TO_32_BIT_CONVERSION = YES;
				GCC_WARN_ABOUT_RETURN_TYPE = YES_ERROR;
				GCC_WARN_UNDECLARED_SELECTOR = YES;
				GCC_WARN_UNINITIALIZED_AUTOS = YES_AGGRESSIVE;
				GCC_WARN_UNUSED_FUNCTION = YES;
				GCC_WARN_UNUSED_VARIABLE = YES;
				IPHONEOS_DEPLOYMENT_TARGET = 7.1;
				SDKROOT = iphoneos;
				VALIDATE_PRODUCT = YES;
			};
			name = Release;
		};
		06DBB83B18FF715500FDD708 /* Debug */ = {
			isa = XCBuildConfiguration;
			buildSettings = {
				ASSETCATALOG_COMPILER_APPICON_NAME = AppIcon;
				ASSETCATALOG_COMPILER_LAUNCHIMAGE_NAME = LaunchImage;
				GCC_PRECOMPILE_PREFIX_HEADER = YES;
				GCC_PREFIX_HEADER = "PhotoLibrary/PhotoLibrary-Prefix.pch";
				INFOPLIST_FILE = "PhotoLibrary/PhotoLibrary-Info.plist";
				PRODUCT_NAME = "$(TARGET_NAME)";
				WRAPPER_EXTENSION = app;
			};
			name = Debug;
		};
		06DBB83C18FF715500FDD708 /* Release */ = {
			isa = XCBuildConfiguration;
			buildSettings = {
				ASSETCATALOG_COMPILER_APPICON_NAME = AppIcon;
				ASSETCATALOG_COMPILER_LAUNCHIMAGE_NAME = LaunchImage;
				GCC_PRECOMPILE_PREFIX_HEADER = YES;
				GCC_PREFIX_HEADER = "PhotoLibrary/PhotoLibrary-Prefix.pch";
				INFOPLIST_FILE = "PhotoLibrary/PhotoLibrary-Info.plist";
				PRODUCT_NAME = "$(TARGET_NAME)";
				WRAPPER_EXTENSION = app;
			};
			name = Release;
		};
		06DBB83E18FF715500FDD708 /* Debug */ = {
			isa = XCBuildConfiguration;
			buildSettings = {
				BUNDLE_LOADER = "$(BUILT_PRODUCTS_DIR)/PhotoLibrary.app/PhotoLibrary";
				FRAMEWORK_SEARCH_PATHS = (
					"$(SDKROOT)/Developer/Library/Frameworks",
					"$(inherited)",
					"$(DEVELOPER_FRAMEWORKS_DIR)",
				);
				GCC_PRECOMPILE_PREFIX_HEADER = YES;
				GCC_PREFIX_HEADER = "PhotoLibrary/PhotoLibrary-Prefix.pch";
				GCC_PREPROCESSOR_DEFINITIONS = (
					"DEBUG=1",
					"$(inherited)",
				);
				INFOPLIST_FILE = "PhotoLibraryTests/PhotoLibraryTests-Info.plist";
				PRODUCT_NAME = "$(TARGET_NAME)";
				TEST_HOST = "$(BUNDLE_LOADER)";
				WRAPPER_EXTENSION = xctest;
			};
			name = Debug;
		};
		06DBB83F18FF715500FDD708 /* Release */ = {
			isa = XCBuildConfiguration;
			buildSettings = {
				BUNDLE_LOADER = "$(BUILT_PRODUCTS_DIR)/PhotoLibrary.app/PhotoLibrary";
				FRAMEWORK_SEARCH_PATHS = (
					"$(SDKROOT)/Developer/Library/Frameworks",
					"$(inherited)",
					"$(DEVELOPER_FRAMEWORKS_DIR)",
				);
				GCC_PRECOMPILE_PREFIX_HEADER = YES;
				GCC_PREFIX_HEADER = "PhotoLibrary/PhotoLibrary-Prefix.pch";
				INFOPLIST_FILE = "PhotoLibraryTests/PhotoLibraryTests-Info.plist";
				PRODUCT_NAME = "$(TARGET_NAME)";
				TEST_HOST = "$(BUNDLE_LOADER)";
				WRAPPER_EXTENSION = xctest;
			};
			name = Release;
		};
/* End XCBuildConfiguration section */

/* Begin XCConfigurationList section */
		06DBB80318FF715500FDD708 /* Build configuration list for PBXProject "PhotoLibrary" */ = {
			isa = XCConfigurationList;
			buildConfigurations = (
				06DBB83818FF715500FDD708 /* Debug */,
				06DBB83918FF715500FDD708 /* Release */,
			);
			defaultConfigurationIsVisible = 0;
			defaultConfigurationName = Release;
		};
		06DBB83A18FF715500FDD708 /* Build configuration list for PBXNativeTarget "PhotoLibrary" */ = {
			isa = XCConfigurationList;
			buildConfigurations = (
				06DBB83B18FF715500FDD708 /* Debug */,
				06DBB83C18FF715500FDD708 /* Release */,
			);
			defaultConfigurationIsVisible = 0;
			defaultConfigurationName = Release;
		};
		06DBB83D18FF715500FDD708 /* Build configuration list for PBXNativeTarget "PhotoLibraryTests" */ = {
			isa = XCConfigurationList;
			buildConfigurations = (
				06DBB83E18FF715500FDD708 /* Debug */,
				06DBB83F18FF715500FDD708 /* Release */,
			);
			defaultConfigurationIsVisible = 0;
			defaultConfigurationName = Release;
		};
/* End XCConfigurationList section */
	};
	rootObject = 06DBB80018FF715500FDD708 /* Project object */;
}
